{
  "name": "airport-api",
  "version": "1.0.0",
  "lockfileVersion": 1,
  "requires": true,
  "dependencies": {
    "unit-converter-pro": {
      "version": "1.0.1",
      "resolved": "https://registry.npmjs.org/unit-converter-pro/-/unit-converter-pro-1.0.1.tgz",
      "integrity": "sha512-rpQrEpPycUXZ8/Eh1gE+loHxRSSadu03emDtI7BSqnMmr5uiNyz8dgWAT8A8Bykv9O+oAt8vBUKI7WeTGn76Vw=="
    }
  }
}
